
Microsoft Visual Studio Solution File, Format Version 12.00
# Visual Studio 15
VisualStudioVersion = 15.0.27130.2010
MinimumVisualStudioVersion = 10.0.40219.1
Project("{FAE04EC0-301F-11D3-BF4B-00C04F79EFBC}") = "Assignment02", "Assignment02\Assignment02.csproj", "{CC7CF761-C602-4111-BB3B-E498DAC780E4}"
EndProject
Project("{FAE04EC0-301F-11D3-BF4B-00C04F79EFBC}") = "Assignment02.Tests", "Assignment02.Tests\Assignment02.Tests.csproj", "{8514D0B0-F679-47A6-961C-8C3A62EE97E2}"
EndProject
Global
	GlobalSection(SolutionConfigurationPlatforms) = preSolution
		Debug|Any CPU = Debug|Any CPU
		Release|Any CPU = Release|Any CPU
	EndGlobalSection
	GlobalSection(ProjectConfigurationPlatforms) = postSolution
		{CC7CF761-C602-4111-BB3B-E498DAC780E4}.Debug|Any CPU.ActiveCfg = Debug|Any CPU
		{CC7CF761-C602-4111-BB3B-E498DAC780E4}.Debug|Any CPU.Build.0 = Debug|Any CPU
		{CC7CF761-C602-4111-BB3B-E498DAC780E4}.Release|Any CPU.ActiveCfg = Release|Any CPU
		{CC7CF761-C602-4111-BB3B-E498DAC780E4}.Release|Any CPU.Build.0 = Release|Any CPU
		{8514D0B0-F679-47A6-961C-8C3A62EE97E2}.Debug|Any CPU.ActiveCfg = Debug|Any CPU
		{8514D0B0-F679-47A6-961C-8C3A62EE97E2}.Debug|Any CPU.Build.0 = Debug|Any CPU
		{8514D0B0-F679-47A6-961C-8C3A62EE97E2}.Release|Any CPU.ActiveCfg = Release|Any CPU
		{8514D0B0-F679-47A6-961C-8C3A62EE97E2}.Release|Any CPU.Build.0 = Release|Any CPU
	EndGlobalSection
	GlobalSection(SolutionProperties) = preSolution
		HideSolutionNode = FALSE
	EndGlobalSection
	GlobalSection(ExtensibilityGlobals) = postSolution
		SolutionGuid = {031839A0-2D21-4935-B689-3AF0F8544A90}
	EndGlobalSection
EndGlobal
